// !$*UTF8*$!
{
	archiveVersion = 1;
	classes = {
	};
	objectVersion = 50;
	objects = {

/* Begin PBXBuildFile section */
		8AA9EA0825DA75AC005304F3 /* AppDelegate.swift in Sources */ = {isa = PBXBuildFile; fileRef = 8AA9EA0725DA75AC005304F3 /* AppDelegate.swift */; };
		8AA9EA0A25DA75AC005304F3 /* SceneDelegate.swift in Sources */ = {isa = PBXBuildFile; fileRef = 8AA9EA0925DA75AC005304F3 /* SceneDelegate.swift */; };
		8AA9EA0C25DA75AC005304F3 /* SearchRecipeViewController.swift in Sources */ = {isa = PBXBuildFile; fileRef = 8AA9EA0B25DA75AC005304F3 /* SearchRecipeViewController.swift */; };
		8AA9EA0F25DA75AC005304F3 /* Main.storyboard in Resources */ = {isa = PBXBuildFile; fileRef = 8AA9EA0D25DA75AC005304F3 /* Main.storyboard */; };
		8AA9EA1225DA75AC005304F3 /* Foody_CookBook.xcdatamodeld in Sources */ = {isa = PBXBuildFile; fileRef = 8AA9EA1025DA75AC005304F3 /* Foody_CookBook.xcdatamodeld */; };
		8AA9EA1425DA75AD005304F3 /* Assets.xcassets in Resources */ = {isa = PBXBuildFile; fileRef = 8AA9EA1325DA75AD005304F3 /* Assets.xcassets */; };
		8AA9EA1725DA75AD005304F3 /* LaunchScreen.storyboard in Resources */ = {isa = PBXBuildFile; fileRef = 8AA9EA1525DA75AD005304F3 /* LaunchScreen.storyboard */; };
		8AA9EA2225DA75AD005304F3 /* Foody_CookBookTests.swift in Sources */ = {isa = PBXBuildFile; fileRef = 8AA9EA2125DA75AD005304F3 /* Foody_CookBookTests.swift */; };
		8AA9EA2D25DA75AD005304F3 /* Foody_CookBookUITests.swift in Sources */ = {isa = PBXBuildFile; fileRef = 8AA9EA2C25DA75AD005304F3 /* Foody_CookBookUITests.swift */; };
		8AA9EA5625DAAE8C005304F3 /* MealManager.swift in Sources */ = {isa = PBXBuildFile; fileRef = 8AA9EA5525DAAE8C005304F3 /* MealManager.swift */; };
		8AA9EA5F25DAAF46005304F3 /* MealData.swift in Sources */ = {isa = PBXBuildFile; fileRef = 8AA9EA5E25DAAF46005304F3 /* MealData.swift */; };
		8AA9EA6425DAAF55005304F3 /* MealModel.swift in Sources */ = {isa = PBXBuildFile; fileRef = 8AA9EA6325DAAF55005304F3 /* MealModel.swift */; };
		8AA9EA6925DAB055005304F3 /* Constants.swift in Sources */ = {isa = PBXBuildFile; fileRef = 8AA9EA6825DAB055005304F3 /* Constants.swift */; };
		8AA9EA8325DB130F005304F3 /* FavouriteMealViewController.swift in Sources */ = {isa = PBXBuildFile; fileRef = 8AA9EA8225DB130F005304F3 /* FavouriteMealViewController.swift */; };
/* End PBXBuildFile section */

/* Begin PBXContainerItemProxy section */
		8AA9EA1E25DA75AD005304F3 /* PBXContainerItemProxy */ = {
			isa = PBXContainerItemProxy;
			containerPortal = 8AA9E9FC25DA75AC005304F3 /* Project object */;
			proxyType = 1;
			remoteGlobalIDString = 8AA9EA0325DA75AC005304F3;
			remoteInfo = "Foody CookBook";
		};
		8AA9EA2925DA75AD005304F3 /* PBXContainerItemProxy */ = {
			isa = PBXContainerItemProxy;
			containerPortal = 8AA9E9FC25DA75AC005304F3 /* Project object */;
			proxyType = 1;
			remoteGlobalIDString = 8AA9EA0325DA75AC005304F3;
			remoteInfo = "Foody CookBook";
		};
/* End PBXContainerItemProxy section */

/* Begin PBXFileReference section */
		8AA9EA0425DA75AC005304F3 /* Foody CookBook.app */ = {isa = PBXFileReference; explicitFileType = wrapper.application; includeInIndex = 0; path = "Foody CookBook.app"; sourceTree = BUILT_PRODUCTS_DIR; };
		8AA9EA0725DA75AC005304F3 /* AppDelegate.swift */ = {isa = PBXFileReference; lastKnownFileType = sourcecode.swift; path = AppDelegate.swift; sourceTree = "<group>"; };
		8AA9EA0925DA75AC005304F3 /* SceneDelegate.swift */ = {isa = PBXFileReference; lastKnownFileType = sourcecode.swift; path = SceneDelegate.swift; sourceTree = "<group>"; };
		8AA9EA0B25DA75AC005304F3 /* SearchRecipeViewController.swift */ = {isa = PBXFileReference; lastKnownFileType = sourcecode.swift; path = SearchRecipeViewController.swift; sourceTree = "<group>"; };
		8AA9EA0E25DA75AC005304F3 /* Base */ = {isa = PBXFileReference; lastKnownFileType = file.storyboard; name = Base; path = Base.lproj/Main.storyboard; sourceTree = "<group>"; };
		8AA9EA1125DA75AC005304F3 /* Foody_CookBook.xcdatamodel */ = {isa = PBXFileReference; lastKnownFileType = wrapper.xcdatamodel; path = Foody_CookBook.xcdatamodel; sourceTree = "<group>"; };
		8AA9EA1325DA75AD005304F3 /* Assets.xcassets */ = {isa = PBXFileReference; lastKnownFileType = folder.assetcatalog; path = Assets.xcassets; sourceTree = "<group>"; };
		8AA9EA1625DA75AD005304F3 /* Base */ = {isa = PBXFileReference; lastKnownFileType = file.storyboard; name = Base; path = Base.lproj/LaunchScreen.storyboard; sourceTree = "<group>"; };
		8AA9EA1825DA75AD005304F3 /* Info.plist */ = {isa = PBXFileReference; lastKnownFileType = text.plist.xml; path = Info.plist; sourceTree = "<group>"; };
		8AA9EA1D25DA75AD005304F3 /* Foody CookBookTests.xctest */ = {isa = PBXFileReference; explicitFileType = wrapper.cfbundle; includeInIndex = 0; path = "Foody CookBookTests.xctest"; sourceTree = BUILT_PRODUCTS_DIR; };
		8AA9EA2125DA75AD005304F3 /* Foody_CookBookTests.swift */ = {isa = PBXFileReference; lastKnownFileType = sourcecode.swift; path = Foody_CookBookTests.swift; sourceTree = "<group>"; };
		8AA9EA2325DA75AD005304F3 /* Info.plist */ = {isa = PBXFileReference; lastKnownFileType = text.plist.xml; path = Info.plist; sourceTree = "<group>"; };
		8AA9EA2825DA75AD005304F3 /* Foody CookBookUITests.xctest */ = {isa = PBXFileReference; explicitFileType = wrapper.cfbundle; includeInIndex = 0; path = "Foody CookBookUITests.xctest"; sourceTree = BUILT_PRODUCTS_DIR; };
		8AA9EA2C25DA75AD005304F3 /* Foody_CookBookUITests.swift */ = {isa = PBXFileReference; lastKnownFileType = sourcecode.swift; path = Foody_CookBookUITests.swift; sourceTree = "<group>"; };
		8AA9EA2E25DA75AD005304F3 /* Info.plist */ = {isa = PBXFileReference; lastKnownFileType = text.plist.xml; path = Info.plist; sourceTree = "<group>"; };
		8AA9EA5525DAAE8C005304F3 /* MealManager.swift */ = {isa = PBXFileReference; lastKnownFileType = sourcecode.swift; path = MealManager.swift; sourceTree = "<group>"; };
		8AA9EA5E25DAAF46005304F3 /* MealData.swift */ = {isa = PBXFileReference; lastKnownFileType = sourcecode.swift; path = MealData.swift; sourceTree = "<group>"; };
		8AA9EA6325DAAF55005304F3 /* MealModel.swift */ = {isa = PBXFileReference; lastKnownFileType = sourcecode.swift; path = MealModel.swift; sourceTree = "<group>"; };
		8AA9EA6825DAB055005304F3 /* Constants.swift */ = {isa = PBXFileReference; lastKnownFileType = sourcecode.swift; path = Constants.swift; sourceTree = "<group>"; };
		8AA9EA8225DB130F005304F3 /* FavouriteMealViewController.swift */ = {isa = PBXFileReference; lastKnownFileType = sourcecode.swift; path = FavouriteMealViewController.swift; sourceTree = "<group>"; };
/* End PBXFileReference section */

/* Begin PBXFrameworksBuildPhase section */
		8AA9EA0125DA75AC005304F3 /* Frameworks */ = {
			isa = PBXFrameworksBuildPhase;
			buildActionMask = 2147483647;
			files = (
			);
			runOnlyForDeploymentPostprocessing = 0;
		};
		8AA9EA1A25DA75AD005304F3 /* Frameworks */ = {
			isa = PBXFrameworksBuildPhase;
			buildActionMask = 2147483647;
			files = (
			);
			runOnlyForDeploymentPostprocessing = 0;
		};
		8AA9EA2525DA75AD005304F3 /* Frameworks */ = {
			isa = PBXFrameworksBuildPhase;
			buildActionMask = 2147483647;
			files = (
			);
			runOnlyForDeploymentPostprocessing = 0;
		};
/* End PBXFrameworksBuildPhase section */

/* Begin PBXGroup section */
		8AA9E9FB25DA75AC005304F3 = {
			isa = PBXGroup;
			children = (
				8AA9EA0625DA75AC005304F3 /* Foody CookBook */,
				8AA9EA2025DA75AD005304F3 /* Foody CookBookTests */,
				8AA9EA2B25DA75AD005304F3 /* Foody CookBookUITests */,
				8AA9EA0525DA75AC005304F3 /* Products */,
			);
			sourceTree = "<group>";
		};
		8AA9EA0525DA75AC005304F3 /* Products */ = {
			isa = PBXGroup;
			children = (
				8AA9EA0425DA75AC005304F3 /* Foody CookBook.app */,
				8AA9EA1D25DA75AD005304F3 /* Foody CookBookTests.xctest */,
				8AA9EA2825DA75AD005304F3 /* Foody CookBookUITests.xctest */,
			);
			name = Products;
			sourceTree = "<group>";
		};
		8AA9EA0625DA75AC005304F3 /* Foody CookBook */ = {
			isa = PBXGroup;
			children = (
				8AA9EA0725DA75AC005304F3 /* AppDelegate.swift */,
				8AA9EA7B25DB0519005304F3 /* Data Model */,
				8AA9EA0925DA75AC005304F3 /* SceneDelegate.swift */,
				8AA9EA5A25DAAE95005304F3 /* Model */,
				8AA9EA5125DAAE27005304F3 /* Controller */,
				8AA9EA5025DAAE14005304F3 /* View */,
				8AA9EA1325DA75AD005304F3 /* Assets.xcassets */,
				8AA9EA1525DA75AD005304F3 /* LaunchScreen.storyboard */,
				8AA9EA1825DA75AD005304F3 /* Info.plist */,
				8AA9EA6825DAB055005304F3 /* Constants.swift */,
			);
			path = "Foody CookBook";
			sourceTree = "<group>";
		};
		8AA9EA2025DA75AD005304F3 /* Foody CookBookTests */ = {
			isa = PBXGroup;
			children = (
				8AA9EA2125DA75AD005304F3 /* Foody_CookBookTests.swift */,
				8AA9EA2325DA75AD005304F3 /* Info.plist */,
			);
			path = "Foody CookBookTests";
			sourceTree = "<group>";
		};
		8AA9EA2B25DA75AD005304F3 /* Foody CookBookUITests */ = {
			isa = PBXGroup;
			children = (
				8AA9EA2C25DA75AD005304F3 /* Foody_CookBookUITests.swift */,
				8AA9EA2E25DA75AD005304F3 /* Info.plist */,
			);
			path = "Foody CookBookUITests";
			sourceTree = "<group>";
		};
		8AA9EA5025DAAE14005304F3 /* View */ = {
			isa = PBXGroup;
			children = (
				8AA9EA0D25DA75AC005304F3 /* Main.storyboard */,
			);
			path = View;
			sourceTree = "<group>";
		};
		8AA9EA5125DAAE27005304F3 /* Controller */ = {
			isa = PBXGroup;
			children = (
				8AA9EA0B25DA75AC005304F3 /* SearchRecipeViewController.swift */,
				8AA9EA8225DB130F005304F3 /* FavouriteMealViewController.swift */,
			);
			path = Controller;
			sourceTree = "<group>";
		};
		8AA9EA5A25DAAE95005304F3 /* Model */ = {
			isa = PBXGroup;
			children = (
				8AA9EA5525DAAE8C005304F3 /* MealManager.swift */,
				8AA9EA5E25DAAF46005304F3 /* MealData.swift */,
				8AA9EA6325DAAF55005304F3 /* MealModel.swift */,
			);
			path = Model;
			sourceTree = "<group>";
		};
		8AA9EA7B25DB0519005304F3 /* Data Model */ = {
			isa = PBXGroup;
			children = (
				8AA9EA1025DA75AC005304F3 /* Foody_CookBook.xcdatamodeld */,
			);
			path = "Data Model";
			sourceTree = "<group>";
		};
/* End PBXGroup section */

/* Begin PBXNativeTarget section */
		8AA9EA0325DA75AC005304F3 /* Foody CookBook */ = {
			isa = PBXNativeTarget;
			buildConfigurationList = 8AA9EA3125DA75AD005304F3 /* Build configuration list for PBXNativeTarget "Foody CookBook" */;
			buildPhases = (
				8AA9EA0025DA75AC005304F3 /* Sources */,
				8AA9EA0125DA75AC005304F3 /* Frameworks */,
				8AA9EA0225DA75AC005304F3 /* Resources */,
			);
			buildRules = (
			);
			dependencies = (
			);
			name = "Foody CookBook";
			productName = "Foody CookBook";
			productReference = 8AA9EA0425DA75AC005304F3 /* Foody CookBook.app */;
			productType = "com.apple.product-type.application";
		};
		8AA9EA1C25DA75AD005304F3 /* Foody CookBookTests */ = {
			isa = PBXNativeTarget;
			buildConfigurationList = 8AA9EA3425DA75AD005304F3 /* Build configuration list for PBXNativeTarget "Foody CookBookTests" */;
			buildPhases = (
				8AA9EA1925DA75AD005304F3 /* Sources */,
				8AA9EA1A25DA75AD005304F3 /* Frameworks */,
				8AA9EA1B25DA75AD005304F3 /* Resources */,
			);
			buildRules = (
			);
			dependencies = (
				8AA9EA1F25DA75AD005304F3 /* PBXTargetDependency */,
			);
			name = "Foody CookBookTests";
			productName = "Foody CookBookTests";
			productReference = 8AA9EA1D25DA75AD005304F3 /* Foody CookBookTests.xctest */;
			productType = "com.apple.product-type.bundle.unit-test";
		};
		8AA9EA2725DA75AD005304F3 /* Foody CookBookUITests */ = {
			isa = PBXNativeTarget;
			buildConfigurationList = 8AA9EA3725DA75AD005304F3 /* Build configuration list for PBXNativeTarget "Foody CookBookUITests" */;
			buildPhases = (
				8AA9EA2425DA75AD005304F3 /* Sources */,
				8AA9EA2525DA75AD005304F3 /* Frameworks */,
				8AA9EA2625DA75AD005304F3 /* Resources */,
			);
			buildRules = (
			);
			dependencies = (
				8AA9EA2A25DA75AD005304F3 /* PBXTargetDependency */,
			);
			name = "Foody CookBookUITests";
			productName = "Foody CookBookUITests";
			productReference = 8AA9EA2825DA75AD005304F3 /* Foody CookBookUITests.xctest */;
			productType = "com.apple.product-type.bundle.ui-testing";
		};
/* End PBXNativeTarget section */

/* Begin PBXProject section */
		8AA9E9FC25DA75AC005304F3 /* Project object */ = {
			isa = PBXProject;
			attributes = {
				LastSwiftUpdateCheck = 1230;
				LastUpgradeCheck = 1230;
				TargetAttributes = {
					8AA9EA0325DA75AC005304F3 = {
						CreatedOnToolsVersion = 12.3;
					};
					8AA9EA1C25DA75AD005304F3 = {
						CreatedOnToolsVersion = 12.3;
						TestTargetID = 8AA9EA0325DA75AC005304F3;
					};
					8AA9EA2725DA75AD005304F3 = {
						CreatedOnToolsVersion = 12.3;
						TestTargetID = 8AA9EA0325DA75AC005304F3;
					};
				};
			};
			buildConfigurationList = 8AA9E9FF25DA75AC005304F3 /* Build configuration list for PBXProject "Foody CookBook" */;
			compatibilityVersion = "Xcode 9.3";
			developmentRegion = en;
			hasScannedForEncodings = 0;
			knownRegions = (
				en,
				Base,
			);
			mainGroup = 8AA9E9FB25DA75AC005304F3;
			productRefGroup = 8AA9EA0525DA75AC005304F3 /* Products */;
			projectDirPath = "";
			projectRoot = "";
			targets = (
				8AA9EA0325DA75AC005304F3 /* Foody CookBook */,
				8AA9EA1C25DA75AD005304F3 /* Foody CookBookTests */,
				8AA9EA2725DA75AD005304F3 /* Foody CookBookUITests */,
			);
		};
/* End PBXProject section */

/* Begin PBXResourcesBuildPhase section */
		8AA9EA0225DA75AC005304F3 /* Resources */ = {
			isa = PBXResourcesBuildPhase;
			buildActionMask = 2147483647;
			files = (
				8AA9EA1725DA75AD005304F3 /* LaunchScreen.storyboard in Resources */,
				8AA9EA1425DA75AD005304F3 /* Assets.xcassets in Resources */,
				8AA9EA0F25DA75AC005304F3 /* Main.storyboard in Resources */,
			);
			runOnlyForDeploymentPostprocessing = 0;
		};
		8AA9EA1B25DA75AD005304F3 /* Resources */ = {
			isa = PBXResourcesBuildPhase;
			buildActionMask = 2147483647;
			files = (
			);
			runOnlyForDeploymentPostprocessing = 0;
		};
		8AA9EA2625DA75AD005304F3 /* Resources */ = {
			isa = PBXResourcesBuildPhase;
			buildActionMask = 2147483647;
			files = (
			);
			runOnlyForDeploymentPostprocessing = 0;
		};
/* End PBXResourcesBuildPhase section */

/* Begin PBXSourcesBuildPhase section */
		8AA9EA0025DA75AC005304F3 /* Sources */ = {
			isa = PBXSourcesBuildPhase;
			buildActionMask = 2147483647;
			files = (
				8AA9EA6425DAAF55005304F3 /* MealModel.swift in Sources */,
				8AA9EA0C25DA75AC005304F3 /* SearchRecipeViewController.swift in Sources */,
				8AA9EA5625DAAE8C005304F3 /* MealManager.swift in Sources */,
				8AA9EA0825DA75AC005304F3 /* AppDelegate.swift in Sources */,
				8AA9EA5F25DAAF46005304F3 /* MealData.swift in Sources */,
				8AA9EA1225DA75AC005304F3 /* Foody_CookBook.xcdatamodeld in Sources */,
				8AA9EA8325DB130F005304F3 /* FavouriteMealViewController.swift in Sources */,
				8AA9EA0A25DA75AC005304F3 /* SceneDelegate.swift in Sources */,
				8AA9EA6925DAB055005304F3 /* Constants.swift in Sources */,
			);
			runOnlyForDeploymentPostprocessing = 0;
		};
		8AA9EA1925DA75AD005304F3 /* Sources */ = {
			isa = PBXSourcesBuildPhase;
			buildActionMask = 2147483647;
			files = (
				8AA9EA2225DA75AD005304F3 /* Foody_CookBookTests.swift in Sources */,
			);
			runOnlyForDeploymentPostprocessing = 0;
		};
		8AA9EA2425DA75AD005304F3 /* Sources */ = {
			isa = PBXSourcesBuildPhase;
			buildActionMask = 2147483647;
			files = (
				8AA9EA2D25DA75AD005304F3 /* Foody_CookBookUITests.swift in Sources */,
			);
			runOnlyForDeploymentPostprocessing = 0;
		};
/* End PBXSourcesBuildPhase section */

/* Begin PBXTargetDependency section */
		8AA9EA1F25DA75AD005304F3 /* PBXTargetDependency */ = {
			isa = PBXTargetDependency;
			target = 8AA9EA0325DA75AC005304F3 /* Foody CookBook */;
			targetProxy = 8AA9EA1E25DA75AD005304F3 /* PBXContainerItemProxy */;
		};
		8AA9EA2A25DA75AD005304F3 /* PBXTargetDependency */ = {
			isa = PBXTargetDependency;
			target = 8AA9EA0325DA75AC005304F3 /* Foody CookBook */;
			targetProxy = 8AA9EA2925DA75AD005304F3 /* PBXContainerItemProxy */;
		};
/* End PBXTargetDependency section */

/* Begin PBXVariantGroup section */
		8AA9EA0D25DA75AC005304F3 /* Main.storyboard */ = {
			isa = PBXVariantGroup;
			children = (
				8AA9EA0E25DA75AC005304F3 /* Base */,
			);
			name = Main.storyboard;
			sourceTree = "<group>";
		};
		8AA9EA1525DA75AD005304F3 /* LaunchScreen.storyboard */ = {
			isa = PBXVariantGroup;
			children = (
				8AA9EA1625DA75AD005304F3 /* Base */,
			);
			name = LaunchScreen.storyboard;
			sourceTree = "<group>";
		};
/* End PBXVariantGroup section */

/* Begin XCBuildConfiguration section */
		8AA9EA2F25DA75AD005304F3 /* Debug */ = {
			isa = XCBuildConfiguration;
			buildSettings = {
				ALWAYS_SEARCH_USER_PATHS = NO;
				CLANG_ANALYZER_NONNULL = YES;
				CLANG_ANALYZER_NUMBER_OBJECT_CONVERSION = YES_AGGRESSIVE;
				CLANG_CXX_LANGUAGE_STANDARD = "gnu++14";
				CLANG_CXX_LIBRARY = "libc++";
				CLANG_ENABLE_MODULES = YES;
				CLANG_ENABLE_OBJC_ARC = YES;
				CLANG_ENABLE_OBJC_WEAK = YES;
				CLANG_WARN_BLOCK_CAPTURE_AUTORELEASING = YES;
				CLANG_WARN_BOOL_CONVERSION = YES;
				CLANG_WARN_COMMA = YES;
				CLANG_WARN_CONSTANT_CONVERSION = YES;
				CLANG_WARN_DEPRECATED_OBJC_IMPLEMENTATIONS = YES;
				CLANG_WARN_DIRECT_OBJC_ISA_USAGE = YES_ERROR;
				CLANG_WARN_DOCUMENTATION_COMMENTS = YES;
				CLANG_WARN_EMPTY_BODY = YES;
				CLANG_WARN_ENUM_CONVERSION = YES;
				CLANG_WARN_INFINITE_RECURSION = YES;
				CLANG_WARN_INT_CONVERSION = YES;
				CLANG_WARN_NON_LITERAL_NULL_CONVERSION = YES;
				CLANG_WARN_OBJC_IMPLICIT_RETAIN_SELF = YES;
				CLANG_WARN_OBJC_LITERAL_CONVERSION = YES;
				CLANG_WARN_OBJC_ROOT_CLASS = YES_ERROR;
				CLANG_WARN_QUOTED_INCLUDE_IN_FRAMEWORK_HEADER = YES;
				CLANG_WARN_RANGE_LOOP_ANALYSIS = YES;
				CLANG_WARN_STRICT_PROTOTYPES = YES;
				CLANG_WARN_SUSPICIOUS_MOVE = YES;
				CLANG_WARN_UNGUARDED_AVAILABILITY = YES_AGGRESSIVE;
				CLANG_WARN_UNREACHABLE_CODE = YES;
				CLANG_WARN__DUPLICATE_METHOD_MATCH = YES;
				COPY_PHASE_STRIP = NO;
				DEBUG_INFORMATION_FORMAT = dwarf;
				ENABLE_STRICT_OBJC_MSGSEND = YES;
				ENABLE_TESTABILITY = YES;
				GCC_C_LANGUAGE_STANDARD = gnu11;
				GCC_DYNAMIC_NO_PIC = NO;
				GCC_NO_COMMON_BLOCKS = YES;
				GCC_OPTIMIZATION_LEVEL = 0;
				GCC_PREPROCESSOR_DEFINITIONS = (
					"DEBUG=1",
					"$(inherited)",
				);
				GCC_WARN_64_TO_32_BIT_CONVERSION = YES;
				GCC_WARN_ABOUT_RETURN_TYPE = YES_ERROR;
				GCC_WARN_UNDECLARED_SELECTOR = YES;
				GCC_WARN_UNINITIALIZED_AUTOS = YES_AGGRESSIVE;
				GCC_WARN_UNUSED_FUNCTION = YES;
				GCC_WARN_UNUSED_VARIABLE = YES;
				IPHONEOS_DEPLOYMENT_TARGET = 14.3;
				MTL_ENABLE_DEBUG_INFO = INCLUDE_SOURCE;
				MTL_FAST_MATH = YES;
				ONLY_ACTIVE_ARCH = YES;
				SDKROOT = iphoneos;
				SWIFT_ACTIVE_COMPILATION_CONDITIONS = DEBUG;
				SWIFT_OPTIMIZATION_LEVEL = "-Onone";
			};
			name = Debug;
		};
		8AA9EA3025DA75AD005304F3 /* Release */ = {
			isa = XCBuildConfiguration;
			buildSettings = {
				ALWAYS_SEARCH_USER_PATHS = NO;
				CLANG_ANALYZER_NONNULL = YES;
				CLANG_ANALYZER_NUMBER_OBJECT_CONVERSION = YES_AGGRESSIVE;
				CLANG_CXX_LANGUAGE_STANDARD = "gnu++14";
				CLANG_CXX_LIBRARY = "libc++";
				CLANG_ENABLE_MODULES = YES;
				CLANG_ENABLE_OBJC_ARC = YES;
				CLANG_ENABLE_OBJC_WEAK = YES;
				CLANG_WARN_BLOCK_CAPTURE_AUTORELEASING = YES;
				CLANG_WARN_BOOL_CONVERSION = YES;
				CLANG_WARN_COMMA = YES;
				CLANG_WARN_CONSTANT_CONVERSION = YES;
				CLANG_WARN_DEPRECATED_OBJC_IMPLEMENTATIONS = YES;
				CLANG_WARN_DIRECT_OBJC_ISA_USAGE = YES_ERROR;
				CLANG_WARN_DOCUMENTATION_COMMENTS = YES;
				CLANG_WARN_EMPTY_BODY = YES;
				CLANG_WARN_ENUM_CONVERSION = YES;
				CLANG_WARN_INFINITE_RECURSION = YES;
				CLANG_WARN_INT_CONVERSION = YES;
				CLANG_WARN_NON_LITERAL_NULL_CONVERSION = YES;
				CLANG_WARN_OBJC_IMPLICIT_RETAIN_SELF = YES;
				CLANG_WARN_OBJC_LITERAL_CONVERSION = YES;
				CLANG_WARN_OBJC_ROOT_CLASS = YES_ERROR;
				CLANG_WARN_QUOTED_INCLUDE_IN_FRAMEWORK_HEADER = YES;
				CLANG_WARN_RANGE_LOOP_ANALYSIS = YES;
				CLANG_WARN_STRICT_PROTOTYPES = YES;
				CLANG_WARN_SUSPICIOUS_MOVE = YES;
				CLANG_WARN_UNGUARDED_AVAILABILITY = YES_AGGRESSIVE;
				CLANG_WARN_UNREACHABLE_CODE = YES;
				CLANG_WARN__DUPLICATE_METHOD_MATCH = YES;
				COPY_PHASE_STRIP = NO;
				DEBUG_INFORMATION_FORMAT = "dwarf-with-dsym";
				ENABLE_NS_ASSERTIONS = NO;
				ENABLE_STRICT_OBJC_MSGSEND = YES;
				GCC_C_LANGUAGE_STANDARD = gnu11;
				GCC_NO_COMMON_BLOCKS = YES;
				GCC_WARN_64_TO_32_BIT_CONVERSION = YES;
				GCC_WARN_ABOUT_RETURN_TYPE = YES_ERROR;
				GCC_WARN_UNDECLARED_SELECTOR = YES;
				GCC_WARN_UNINITIALIZED_AUTOS = YES_AGGRESSIVE;
				GCC_WARN_UNUSED_FUNCTION = YES;
				GCC_WARN_UNUSED_VARIABLE = YES;
				IPHONEOS_DEPLOYMENT_TARGET = 14.3;
				MTL_ENABLE_DEBUG_INFO = NO;
				MTL_FAST_MATH = YES;
				SDKROOT = iphoneos;
				SWIFT_COMPILATION_MODE = wholemodule;
				SWIFT_OPTIMIZATION_LEVEL = "-O";
				VALIDATE_PRODUCT = YES;
			};
			name = Release;
		};
		8AA9EA3225DA75AD005304F3 /* Debug */ = {
			isa = XCBuildConfiguration;
			buildSettings = {
				ASSETCATALOG_COMPILER_APPICON_NAME = AppIcon;
				ASSETCATALOG_COMPILER_GLOBAL_ACCENT_COLOR_NAME = AccentColor;
				CODE_SIGN_STYLE = Automatic;
				INFOPLIST_FILE = "Foody CookBook/Info.plist";
				IPHONEOS_DEPLOYMENT_TARGET = 13.0;
				LD_RUNPATH_SEARCH_PATHS = (
					"$(inherited)",
					"@executable_path/Frameworks",
				);
				PRODUCT_BUNDLE_IDENTIFIER = "com.demo.Foody-CookBook";
				PRODUCT_NAME = "$(TARGET_NAME)";
				SWIFT_VERSION = 5.0;
				TARGETED_DEVICE_FAMILY = "1,2";
			};
			name = Debug;
		};
		8AA9EA3325DA75AD005304F3 /* Release */ = {
			isa = XCBuildConfiguration;
			buildSettings = {
				ASSETCATALOG_COMPILER_APPICON_NAME = AppIcon;
				ASSETCATALOG_COMPILER_GLOBAL_ACCENT_COLOR_NAME = AccentColor;
				CODE_SIGN_STYLE = Automatic;
				INFOPLIST_FILE = "Foody CookBook/Info.plist";
				IPHONEOS_DEPLOYMENT_TARGET = 13.0;
				LD_RUNPATH_SEARCH_PATHS = (
					"$(inherited)",
					"@executable_path/Frameworks",
				);
				PRODUCT_BUNDLE_IDENTIFIER = "com.demo.Foody-CookBook";
				PRODUCT_NAME = "$(TARGET_NAME)";
				SWIFT_VERSION = 5.0;
				TARGETED_DEVICE_FAMILY = "1,2";
			};
			name = Release;
		};
		8AA9EA3525DA75AD005304F3 /* Debug */ = {
			isa = XCBuildConfiguration;
			buildSettings = {
				ALWAYS_EMBED_SWIFT_STANDARD_LIBRARIES = YES;
				BUNDLE_LOADER = "$(TEST_HOST)";
				CODE_SIGN_STYLE = Automatic;
				INFOPLIST_FILE = "Foody CookBookTests/Info.plist";
				IPHONEOS_DEPLOYMENT_TARGET = 14.3;
				LD_RUNPATH_SEARCH_PATHS = (
					"$(inherited)",
					"@executable_path/Frameworks",
					"@loader_path/Frameworks",
				);
				PRODUCT_BUNDLE_IDENTIFIER = "com.demo.Foody-CookBookTests";
				PRODUCT_NAME = "$(TARGET_NAME)";
				SWIFT_VERSION = 5.0;
				TARGETED_DEVICE_FAMILY = "1,2";
				TEST_HOST = "$(BUILT_PRODUCTS_DIR)/Foody CookBook.app/Foody CookBook";
			};
			name = Debug;
		};
		8AA9EA3625DA75AD005304F3 /* Release */ = {
			isa = XCBuildConfiguration;
			buildSettings = {
				ALWAYS_EMBED_SWIFT_STANDARD_LIBRARIES = YES;
				BUNDLE_LOADER = "$(TEST_HOST)";
				CODE_SIGN_STYLE = Automatic;
				INFOPLIST_FILE = "Foody CookBookTests/Info.plist";
				IPHONEOS_DEPLOYMENT_TARGET = 14.3;
				LD_RUNPATH_SEARCH_PATHS = (
					"$(inherited)",
					"@executable_path/Frameworks",
					"@loader_path/Frameworks",
				);
				PRODUCT_BUNDLE_IDENTIFIER = "com.demo.Foody-CookBookTests";
				PRODUCT_NAME = "$(TARGET_NAME)";
				SWIFT_VERSION = 5.0;
				TARGETED_DEVICE_FAMILY = "1,2";
				TEST_HOST = "$(BUILT_PRODUCTS_DIR)/Foody CookBook.app/Foody CookBook";
			};
			name = Release;
		};
		8AA9EA3825DA75AD005304F3 /* Debug */ = {
			isa = XCBuildConfiguration;
			buildSettings = {
				ALWAYS_EMBED_SWIFT_STANDARD_LIBRARIES = YES;
				CODE_SIGN_STYLE = Automatic;
				INFOPLIST_FILE = "Foody CookBookUITests/Info.plist";
				LD_RUNPATH_SEARCH_PATHS = (
					"$(inherited)",
					"@executable_path/Frameworks",
					"@loader_path/Frameworks",
				);
				PRODUCT_BUNDLE_IDENTIFIER = "com.demo.Foody-CookBookUITests";
				PRODUCT_NAME = "$(TARGET_NAME)";
				SWIFT_VERSION = 5.0;
				TARGETED_DEVICE_FAMILY = "1,2";
				TEST_TARGET_NAME = "Foody CookBook";
			};
			name = Debug;
		};
		8AA9EA3925DA75AD005304F3 /* Release */ = {
			isa = XCBuildConfiguration;
			buildSettings = {
				ALWAYS_EMBED_SWIFT_STANDARD_LIBRARIES = YES;
				CODE_SIGN_STYLE = Automatic;
				INFOPLIST_FILE = "Foody CookBookUITests/Info.plist";
				LD_RUNPATH_SEARCH_PATHS = (
					"$(inherited)",
					"@executable_path/Frameworks",
					"@loader_path/Frameworks",
				);
				PRODUCT_BUNDLE_IDENTIFIER = "com.demo.Foody-CookBookUITests";
				PRODUCT_NAME = "$(TARGET_NAME)";
				SWIFT_VERSION = 5.0;
				TARGETED_DEVICE_FAMILY = "1,2";
				TEST_TARGET_NAME = "Foody CookBook";
			};
			name = Release;
		};
/* End XCBuildConfiguration section */

/* Begin XCConfigurationList section */
		8AA9E9FF25DA75AC005304F3 /* Build configuration list for PBXProject "Foody CookBook" */ = {
			isa = XCConfigurationList;
			buildConfigurations = (
				8AA9EA2F25DA75AD005304F3 /* Debug */,
				8AA9EA3025DA75AD005304F3 /* Release */,
			);
			defaultConfigurationIsVisible = 0;
			defaultConfigurationName = Release;
		};
		8AA9EA3125DA75AD005304F3 /* Build configuration list for PBXNativeTarget "Foody CookBook" */ = {
			isa = XCConfigurationList;
			buildConfigurations = (
				8AA9EA3225DA75AD005304F3 /* Debug */,
				8AA9EA3325DA75AD005304F3 /* Release */,
			);
			defaultConfigurationIsVisible = 0;
			defaultConfigurationName = Release;
		};
		8AA9EA3425DA75AD005304F3 /* Build configuration list for PBXNativeTarget "Foody CookBookTests" */ = {
			isa = XCConfigurationList;
			buildConfigurations = (
				8AA9EA3525DA75AD005304F3 /* Debug */,
				8AA9EA3625DA75AD005304F3 /* Release */,
			);
			defaultConfigurationIsVisible = 0;
			defaultConfigurationName = Release;
		};
		8AA9EA3725DA75AD005304F3 /* Build configuration list for PBXNativeTarget "Foody CookBookUITests" */ = {
			isa = XCConfigurationList;
			buildConfigurations = (
				8AA9EA3825DA75AD005304F3 /* Debug */,
				8AA9EA3925DA75AD005304F3 /* Release */,
			);
			defaultConfigurationIsVisible = 0;
			defaultConfigurationName = Release;
		};
/* End XCConfigurationList section */

/* Begin XCVersionGroup section */
		8AA9EA1025DA75AC005304F3 /* Foody_CookBook.xcdatamodeld */ = {
			isa = XCVersionGroup;
			children = (
				8AA9EA1125DA75AC005304F3 /* Foody_CookBook.xcdatamodel */,
			);
			currentVersion = 8AA9EA1125DA75AC005304F3 /* Foody_CookBook.xcdatamodel */;
			path = Foody_CookBook.xcdatamodeld;
			sourceTree = "<group>";
			versionGroupType = wrapper.xcdatamodel;
		};
/* End XCVersionGroup section */
	};
	rootObject = 8AA9E9FC25DA75AC005304F3 /* Project object */;
}
